
Microsoft Visual Studio Solution File, Format Version 12.00
# Visual Studio Version 16
VisualStudioVersion = 16.0.30804.86
MinimumVisualStudioVersion = 10.0.40219.1
Project("{9A19103F-16F7-4668-BE54-9A1E7A4F7556}") = "SocialWorld.Entities", "SocialWorld.Entities\SocialWorld.Entities.csproj", "{48722280-026A-46EB-866E-BEED33118BCE}"
EndProject
Project("{9A19103F-16F7-4668-BE54-9A1E7A4F7556}") = "SocialWorld.DataAccess", "SocialWorld.DataAccess\SocialWorld.DataAccess.csproj", "{822B45DB-3310-4E33-9FE8-20916922DC32}"
EndProject
Project("{9A19103F-16F7-4668-BE54-9A1E7A4F7556}") = "SocialWorld.Business", "SocialWorld.Business\SocialWorld.Business.csproj", "{62C9B59E-349E-4B4B-ABE8-6789B6E4A745}"
EndProject
Project("{FAE04EC0-301F-11D3-BF4B-00C04F79EFBC}") = "SocialWorld.WebApi", "SocialWorld.WebApi\SocialWorld.WebApi.csproj", "{322FFA02-2D9B-4B8A-AD68-5B378838FD95}"
EndProject
Global
	GlobalSection(SolutionConfigurationPlatforms) = preSolution
		Debug|Any CPU = Debug|Any CPU
		Release|Any CPU = Release|Any CPU
	EndGlobalSection
	GlobalSection(ProjectConfigurationPlatforms) = postSolution
		{48722280-026A-46EB-866E-BEED33118BCE}.Debug|Any CPU.ActiveCfg = Debug|Any CPU
		{48722280-026A-46EB-866E-BEED33118BCE}.Debug|Any CPU.Build.0 = Debug|Any CPU
		{48722280-026A-46EB-866E-BEED33118BCE}.Release|Any CPU.ActiveCfg = Release|Any CPU
		{48722280-026A-46EB-866E-BEED33118BCE}.Release|Any CPU.Build.0 = Release|Any CPU
		{822B45DB-3310-4E33-9FE8-20916922DC32}.Debug|Any CPU.ActiveCfg = Debug|Any CPU
		{822B45DB-3310-4E33-9FE8-20916922DC32}.Debug|Any CPU.Build.0 = Debug|Any CPU
		{822B45DB-3310-4E33-9FE8-20916922DC32}.Release|Any CPU.ActiveCfg = Release|Any CPU
		{822B45DB-3310-4E33-9FE8-20916922DC32}.Release|Any CPU.Build.0 = Release|Any CPU
		{62C9B59E-349E-4B4B-ABE8-6789B6E4A745}.Debug|Any CPU.ActiveCfg = Debug|Any CPU
		{62C9B59E-349E-4B4B-ABE8-6789B6E4A745}.Debug|Any CPU.Build.0 = Debug|Any CPU
		{62C9B59E-349E-4B4B-ABE8-6789B6E4A745}.Release|Any CPU.ActiveCfg = Release|Any CPU
		{62C9B59E-349E-4B4B-ABE8-6789B6E4A745}.Release|Any CPU.Build.0 = Release|Any CPU
		{322FFA02-2D9B-4B8A-AD68-5B378838FD95}.Debug|Any CPU.ActiveCfg = Debug|Any CPU
		{322FFA02-2D9B-4B8A-AD68-5B378838FD95}.Debug|Any CPU.Build.0 = Debug|Any CPU
		{322FFA02-2D9B-4B8A-AD68-5B378838FD95}.Release|Any CPU.ActiveCfg = Release|Any CPU
		{322FFA02-2D9B-4B8A-AD68-5B378838FD95}.Release|Any CPU.Build.0 = Release|Any CPU
	EndGlobalSection
	GlobalSection(SolutionProperties) = preSolution
		HideSolutionNode = FALSE
	EndGlobalSection
	GlobalSection(ExtensibilityGlobals) = postSolution
		SolutionGuid = {52B19BB0-918C-41F2-A646-DBAAFA743514}
	EndGlobalSection
EndGlobal
